
Microsoft Visual Studio Solution File, Format Version 12.00
# Visual Studio Version 17
VisualStudioVersion = 17.4.33205.214
MinimumVisualStudioVersion = 10.0.40219.1
Project("{FAE04EC0-301F-11D3-BF4B-00C04F79EFBC}") = "WackyMaps", "WackyMaps.csproj", "{CE419D8A-6BDE-4830-B37E-F08B2BAE4E7C}"
EndProject
Global
	GlobalSection(SolutionConfigurationPlatforms) = preSolution
		Debug|Any CPU = Debug|Any CPU
		Release|Any CPU = Release|Any CPU
	EndGlobalSection
	GlobalSection(ProjectConfigurationPlatforms) = postSolution
		{CE419D8A-6BDE-4830-B37E-F08B2BAE4E7C}.Debug|Any CPU.ActiveCfg = Debug|Any CPU
		{CE419D8A-6BDE-4830-B37E-F08B2BAE4E7C}.Debug|Any CPU.Build.0 = Debug|Any CPU
		{CE419D8A-6BDE-4830-B37E-F08B2BAE4E7C}.Release|Any CPU.ActiveCfg = Release|Any CPU
		{CE419D8A-6BDE-4830-B37E-F08B2BAE4E7C}.Release|Any CPU.Build.0 = Release|Any CPU
	EndGlobalSection
	GlobalSection(SolutionProperties) = preSolution
		HideSolutionNode = FALSE
	EndGlobalSection
	GlobalSection(ExtensibilityGlobals) = postSolution
		SolutionGuid = {8891B776-2499-472C-987B-6B4C3A82BC1B}
	EndGlobalSection
EndGlobal
